
Microsoft Visual Studio Solution File, Format Version 12.00
# Visual Studio Version 17
VisualStudioVersion = 17.4.33213.308
MinimumVisualStudioVersion = 10.0.40219.1
Project("{9A19103F-16F7-4668-BE54-9A1E7A4F7556}") = "Modul8", "Modul7_Objects\Modul8.csproj", "{120884D6-A031-45F2-81EA-5D870DF0418D}"
EndProject
Global
	GlobalSection(SolutionConfigurationPlatforms) = preSolution
		Debug|Any CPU = Debug|Any CPU
		Release|Any CPU = Release|Any CPU
	EndGlobalSection
	GlobalSection(ProjectConfigurationPlatforms) = postSolution
		{120884D6-A031-45F2-81EA-5D870DF0418D}.Debug|Any CPU.ActiveCfg = Debug|Any CPU
		{120884D6-A031-45F2-81EA-5D870DF0418D}.Debug|Any CPU.Build.0 = Debug|Any CPU
		{120884D6-A031-45F2-81EA-5D870DF0418D}.Release|Any CPU.ActiveCfg = Release|Any CPU
		{120884D6-A031-45F2-81EA-5D870DF0418D}.Release|Any CPU.Build.0 = Release|Any CPU
	EndGlobalSection
	GlobalSection(SolutionProperties) = preSolution
		HideSolutionNode = FALSE
	EndGlobalSection
	GlobalSection(ExtensibilityGlobals) = postSolution
		SolutionGuid = {486F446F-666B-4F78-A8BA-B4D3C42567F7}
	EndGlobalSection
EndGlobal
